
Microsoft Visual Studio Solution File, Format Version 12.00
# Visual Studio Version 17
VisualStudioVersion = 17.2.32505.173
MinimumVisualStudioVersion = 10.0.40219.1
Project("{2150E333-8FDC-42A3-9474-1A3956D46DE8}") = "src", "src", "{083D179F-EE9B-4DC4-A886-7681D91DED0D}"
EndProject
Project("{2150E333-8FDC-42A3-9474-1A3956D46DE8}") = "Web.API", "Web.API", "{905BD252-92AA-443F-85E6-AAA341907C3A}"
EndProject
Project("{2150E333-8FDC-42A3-9474-1A3956D46DE8}") = "Web.Client", "Web.Client", "{8D54A1B4-4E0B-4F83-958C-8A1B412553E8}"
EndProject
Project("{2150E333-8FDC-42A3-9474-1A3956D46DE8}") = "tests", "tests", "{DF551895-DE11-44A4-9385-21E7C33C4E9C}"
EndProject
Project("{FAE04EC0-301F-11D3-BF4B-00C04F79EFBC}") = "MyMusic.API", "MyMusic.API\MyMusic.API.csproj", "{6CA44348-6D89-4F37-B381-8E555FB41168}"
EndProject
Project("{FAE04EC0-301F-11D3-BF4B-00C04F79EFBC}") = "MyMusic.Core", "MyMusic.Core\MyMusic.Core.csproj", "{8AB26452-B723-49D9-8F93-A98C3D37B71D}"
EndProject
Project("{FAE04EC0-301F-11D3-BF4B-00C04F79EFBC}") = "MyMusic.Services", "MyMusic.Services\MyMusic.Services.csproj", "{113C55DF-B505-4515-AE90-B5446991353B}"
EndProject
Project("{FAE04EC0-301F-11D3-BF4B-00C04F79EFBC}") = "MyMusic.Data", "MyMusic.Data\MyMusic.Data.csproj", "{01A29ABB-75DB-4C8C-A151-CA422E59A529}"
EndProject
Project("{FAE04EC0-301F-11D3-BF4B-00C04F79EFBC}") = "MyMusic.Data.MongoDB", "MyMusic.Data.MongoDB\MyMusic.Data.MongoDB.csproj", "{01FCEF63-46BE-424B-A96C-1A323F5AF26D}"
EndProject
Global
	GlobalSection(SolutionConfigurationPlatforms) = preSolution
		Debug|Any CPU = Debug|Any CPU
		Release|Any CPU = Release|Any CPU
	EndGlobalSection
	GlobalSection(ProjectConfigurationPlatforms) = postSolution
		{6CA44348-6D89-4F37-B381-8E555FB41168}.Debug|Any CPU.ActiveCfg = Debug|Any CPU
		{6CA44348-6D89-4F37-B381-8E555FB41168}.Debug|Any CPU.Build.0 = Debug|Any CPU
		{6CA44348-6D89-4F37-B381-8E555FB41168}.Release|Any CPU.ActiveCfg = Release|Any CPU
		{6CA44348-6D89-4F37-B381-8E555FB41168}.Release|Any CPU.Build.0 = Release|Any CPU
		{8AB26452-B723-49D9-8F93-A98C3D37B71D}.Debug|Any CPU.ActiveCfg = Debug|Any CPU
		{8AB26452-B723-49D9-8F93-A98C3D37B71D}.Debug|Any CPU.Build.0 = Debug|Any CPU
		{8AB26452-B723-49D9-8F93-A98C3D37B71D}.Release|Any CPU.ActiveCfg = Release|Any CPU
		{8AB26452-B723-49D9-8F93-A98C3D37B71D}.Release|Any CPU.Build.0 = Release|Any CPU
		{113C55DF-B505-4515-AE90-B5446991353B}.Debug|Any CPU.ActiveCfg = Debug|Any CPU
		{113C55DF-B505-4515-AE90-B5446991353B}.Debug|Any CPU.Build.0 = Debug|Any CPU
		{113C55DF-B505-4515-AE90-B5446991353B}.Release|Any CPU.ActiveCfg = Release|Any CPU
		{113C55DF-B505-4515-AE90-B5446991353B}.Release|Any CPU.Build.0 = Release|Any CPU
		{01A29ABB-75DB-4C8C-A151-CA422E59A529}.Debug|Any CPU.ActiveCfg = Debug|Any CPU
		{01A29ABB-75DB-4C8C-A151-CA422E59A529}.Debug|Any CPU.Build.0 = Debug|Any CPU
		{01A29ABB-75DB-4C8C-A151-CA422E59A529}.Release|Any CPU.ActiveCfg = Release|Any CPU
		{01A29ABB-75DB-4C8C-A151-CA422E59A529}.Release|Any CPU.Build.0 = Release|Any CPU
		{01FCEF63-46BE-424B-A96C-1A323F5AF26D}.Debug|Any CPU.ActiveCfg = Debug|Any CPU
		{01FCEF63-46BE-424B-A96C-1A323F5AF26D}.Debug|Any CPU.Build.0 = Debug|Any CPU
		{01FCEF63-46BE-424B-A96C-1A323F5AF26D}.Release|Any CPU.ActiveCfg = Release|Any CPU
		{01FCEF63-46BE-424B-A96C-1A323F5AF26D}.Release|Any CPU.Build.0 = Release|Any CPU
	EndGlobalSection
	GlobalSection(SolutionProperties) = preSolution
		HideSolutionNode = FALSE
	EndGlobalSection
	GlobalSection(NestedProjects) = preSolution
		{905BD252-92AA-443F-85E6-AAA341907C3A} = {083D179F-EE9B-4DC4-A886-7681D91DED0D}
		{8D54A1B4-4E0B-4F83-958C-8A1B412553E8} = {083D179F-EE9B-4DC4-A886-7681D91DED0D}
		{6CA44348-6D89-4F37-B381-8E555FB41168} = {905BD252-92AA-443F-85E6-AAA341907C3A}
		{8AB26452-B723-49D9-8F93-A98C3D37B71D} = {905BD252-92AA-443F-85E6-AAA341907C3A}
		{113C55DF-B505-4515-AE90-B5446991353B} = {905BD252-92AA-443F-85E6-AAA341907C3A}
		{01A29ABB-75DB-4C8C-A151-CA422E59A529} = {905BD252-92AA-443F-85E6-AAA341907C3A}
		{01FCEF63-46BE-424B-A96C-1A323F5AF26D} = {905BD252-92AA-443F-85E6-AAA341907C3A}
	EndGlobalSection
	GlobalSection(ExtensibilityGlobals) = postSolution
		SolutionGuid = {0F5058A6-6BF1-4619-A27B-DD24525E8D76}
	EndGlobalSection
EndGlobal
